// !$*UTF8*$!
{
	archiveVersion = 1;
	classes = {
	};
	objectVersion = 55;
	objects = {

/* Begin PBXBuildFile section */
		9C343C602A39EDC70009576E /* AppDelegate.swift in Sources */ = {isa = PBXBuildFile; fileRef = 9C343C5F2A39EDC70009576E /* AppDelegate.swift */; };
		9C343C622A39EDC70009576E /* SceneDelegate.swift in Sources */ = {isa = PBXBuildFile; fileRef = 9C343C612A39EDC70009576E /* SceneDelegate.swift */; };
		9C343C642A39EDC70009576E /* ViewController.swift in Sources */ = {isa = PBXBuildFile; fileRef = 9C343C632A39EDC70009576E /* ViewController.swift */; };
		9C343C672A39EDC70009576E /* Main.storyboard in Resources */ = {isa = PBXBuildFile; fileRef = 9C343C652A39EDC70009576E /* Main.storyboard */; };
		9C343C692A39EDC90009576E /* Assets.xcassets in Resources */ = {isa = PBXBuildFile; fileRef = 9C343C682A39EDC90009576E /* Assets.xcassets */; };
		9C343C6C2A39EDC90009576E /* LaunchScreen.storyboard in Resources */ = {isa = PBXBuildFile; fileRef = 9C343C6A2A39EDC90009576E /* LaunchScreen.storyboard */; };
		9CEF09ADE894C8D21E2A6558 /* Pods_bilalzafar.framework in Frameworks */ = {isa = PBXBuildFile; fileRef = 98081CA4F077533CE01A6034 /* Pods_bilalzafar.framework */; };
/* End PBXBuildFile section */

/* Begin PBXFileReference section */
		64A5596AA7EEF5E0524EA5F5 /* Pods-bilalzafar.debug.xcconfig */ = {isa = PBXFileReference; includeInIndex = 1; lastKnownFileType = text.xcconfig; name = "Pods-bilalzafar.debug.xcconfig"; path = "Target Support Files/Pods-bilalzafar/Pods-bilalzafar.debug.xcconfig"; sourceTree = "<group>"; };
		98081CA4F077533CE01A6034 /* Pods_bilalzafar.framework */ = {isa = PBXFileReference; explicitFileType = wrapper.framework; includeInIndex = 0; path = Pods_bilalzafar.framework; sourceTree = BUILT_PRODUCTS_DIR; };
		9C343C5C2A39EDC70009576E /* bilalzafar.app */ = {isa = PBXFileReference; explicitFileType = wrapper.application; includeInIndex = 0; path = bilalzafar.app; sourceTree = BUILT_PRODUCTS_DIR; };
		9C343C5F2A39EDC70009576E /* AppDelegate.swift */ = {isa = PBXFileReference; lastKnownFileType = sourcecode.swift; path = AppDelegate.swift; sourceTree = "<group>"; };
		9C343C612A39EDC70009576E /* SceneDelegate.swift */ = {isa = PBXFileReference; lastKnownFileType = sourcecode.swift; path = SceneDelegate.swift; sourceTree = "<group>"; };
		9C343C632A39EDC70009576E /* ViewController.swift */ = {isa = PBXFileReference; lastKnownFileType = sourcecode.swift; path = ViewController.swift; sourceTree = "<group>"; };
		9C343C662A39EDC70009576E /* Base */ = {isa = PBXFileReference; lastKnownFileType = file.storyboard; name = Base; path = Base.lproj/Main.storyboard; sourceTree = "<group>"; };
		9C343C682A39EDC90009576E /* Assets.xcassets */ = {isa = PBXFileReference; lastKnownFileType = folder.assetcatalog; path = Assets.xcassets; sourceTree = "<group>"; };
		9C343C6B2A39EDC90009576E /* Base */ = {isa = PBXFileReference; lastKnownFileType = file.storyboard; name = Base; path = Base.lproj/LaunchScreen.storyboard; sourceTree = "<group>"; };
		9C343C6D2A39EDC90009576E /* Info.plist */ = {isa = PBXFileReference; lastKnownFileType = text.plist.xml; path = Info.plist; sourceTree = "<group>"; };
		EE1098B1CFBF292A8DC40D26 /* Pods-bilalzafar.release.xcconfig */ = {isa = PBXFileReference; includeInIndex = 1; lastKnownFileType = text.xcconfig; name = "Pods-bilalzafar.release.xcconfig"; path = "Target Support Files/Pods-bilalzafar/Pods-bilalzafar.release.xcconfig"; sourceTree = "<group>"; };
/* End PBXFileReference section */

/* Begin PBXFrameworksBuildPhase section */
		9C343C592A39EDC70009576E /* Frameworks */ = {
			isa = PBXFrameworksBuildPhase;
			buildActionMask = 2147483647;
			files = (
				9CEF09ADE894C8D21E2A6558 /* Pods_bilalzafar.framework in Frameworks */,
			);
			runOnlyForDeploymentPostprocessing = 0;
		};
/* End PBXFrameworksBuildPhase section */

/* Begin PBXGroup section */
		8953B996AF7515A081CD0520 /* Pods */ = {
			isa = PBXGroup;
			children = (
				64A5596AA7EEF5E0524EA5F5 /* Pods-bilalzafar.debug.xcconfig */,
				EE1098B1CFBF292A8DC40D26 /* Pods-bilalzafar.release.xcconfig */,
			);
			path = Pods;
			sourceTree = "<group>";
		};
		9BEF4258247DBD8F9173A71C /* Frameworks */ = {
			isa = PBXGroup;
			children = (
				98081CA4F077533CE01A6034 /* Pods_bilalzafar.framework */,
			);
			name = Frameworks;
			sourceTree = "<group>";
		};
		9C343C532A39EDC70009576E = {
			isa = PBXGroup;
			children = (
				9C343C5E2A39EDC70009576E /* bilalzafar */,
				9C343C5D2A39EDC70009576E /* Products */,
				8953B996AF7515A081CD0520 /* Pods */,
				9BEF4258247DBD8F9173A71C /* Frameworks */,
			);
			sourceTree = "<group>";
		};
		9C343C5D2A39EDC70009576E /* Products */ = {
			isa = PBXGroup;
			children = (
				9C343C5C2A39EDC70009576E /* bilalzafar.app */,
			);
			name = Products;
			sourceTree = "<group>";
		};
		9C343C5E2A39EDC70009576E /* bilalzafar */ = {
			isa = PBXGroup;
			children = (
				9C343C5F2A39EDC70009576E /* AppDelegate.swift */,
				9C343C612A39EDC70009576E /* SceneDelegate.swift */,
				9C343C632A39EDC70009576E /* ViewController.swift */,
				9C343C652A39EDC70009576E /* Main.storyboard */,
				9C343C682A39EDC90009576E /* Assets.xcassets */,
				9C343C6A2A39EDC90009576E /* LaunchScreen.storyboard */,
				9C343C6D2A39EDC90009576E /* Info.plist */,
			);
			path = bilalzafar;
			sourceTree = "<group>";
		};
/* End PBXGroup section */

/* Begin PBXNativeTarget section */
		9C343C5B2A39EDC70009576E /* bilalzafar */ = {
			isa = PBXNativeTarget;
			buildConfigurationList = 9C343C702A39EDC90009576E /* Build configuration list for PBXNativeTarget "bilalzafar" */;
			buildPhases = (
				34A7CB8FAFC7FD7520FA70D2 /* [CP] Check Pods Manifest.lock */,
				9C343C582A39EDC70009576E /* Sources */,
				9C343C592A39EDC70009576E /* Frameworks */,
				9C343C5A2A39EDC70009576E /* Resources */,
			);
			buildRules = (
			);
			dependencies = (
			);
			name = bilalzafar;
			productName = bilalzafar;
			productReference = 9C343C5C2A39EDC70009576E /* bilalzafar.app */;
			productType = "com.apple.product-type.application";
		};
/* End PBXNativeTarget section */

/* Begin PBXProject section */
		9C343C542A39EDC70009576E /* Project object */ = {
			isa = PBXProject;
			attributes = {
				BuildIndependentTargetsInParallel = 1;
				LastSwiftUpdateCheck = 1500;
				LastUpgradeCheck = 1500;
				TargetAttributes = {
					9C343C5B2A39EDC70009576E = {
						CreatedOnToolsVersion = 15.0;
					};
				};
			};
			buildConfigurationList = 9C343C572A39EDC70009576E /* Build configuration list for PBXProject "bilalzafar" */;
			compatibilityVersion = "Xcode 13.0";
			developmentRegion = en;
			hasScannedForEncodings = 0;
			knownRegions = (
				en,
				Base,
			);
			mainGroup = 9C343C532A39EDC70009576E;
			productRefGroup = 9C343C5D2A39EDC70009576E /* Products */;
			projectDirPath = "";
			projectRoot = "";
			targets = (
				9C343C5B2A39EDC70009576E /* bilalzafar */,
			);
		};
/* End PBXProject section */

/* Begin PBXResourcesBuildPhase section */
		9C343C5A2A39EDC70009576E /* Resources */ = {
			isa = PBXResourcesBuildPhase;
			buildActionMask = 2147483647;
			files = (
				9C343C6C2A39EDC90009576E /* LaunchScreen.storyboard in Resources */,
				9C343C692A39EDC90009576E /* Assets.xcassets in Resources */,
				9C343C672A39EDC70009576E /* Main.storyboard in Resources */,
			);
			runOnlyForDeploymentPostprocessing = 0;
		};
/* End PBXResourcesBuildPhase section */

/* Begin PBXShellScriptBuildPhase section */
		34A7CB8FAFC7FD7520FA70D2 /* [CP] Check Pods Manifest.lock */ = {
			isa = PBXShellScriptBuildPhase;
			buildActionMask = 2147483647;
			files = (
			);
			inputFileListPaths = (
			);
			inputPaths = (
				"${PODS_PODFILE_DIR_PATH}/Podfile.lock",
				"${PODS_ROOT}/Manifest.lock",
			);
			name = "[CP] Check Pods Manifest.lock";
			outputFileListPaths = (
			);
			outputPaths = (
				"$(DERIVED_FILE_DIR)/Pods-bilalzafar-checkManifestLockResult.txt",
			);
			runOnlyForDeploymentPostprocessing = 0;
			shellPath = /bin/sh;
			shellScript = "diff \"${PODS_PODFILE_DIR_PATH}/Podfile.lock\" \"${PODS_ROOT}/Manifest.lock\" > /dev/null\nif [ $? != 0 ] ; then\n    # print error to STDERR\n    echo \"error: The sandbox is not in sync with the Podfile.lock. Run 'pod install' or update your CocoaPods installation.\" >&2\n    exit 1\nfi\n# This output is used by Xcode 'outputs' to avoid re-running this script phase.\necho \"SUCCESS\" > \"${SCRIPT_OUTPUT_FILE_0}\"\n";
			showEnvVarsInLog = 0;
		};
/* End PBXShellScriptBuildPhase section */

/* Begin PBXSourcesBuildPhase section */
		9C343C582A39EDC70009576E /* Sources */ = {
			isa = PBXSourcesBuildPhase;
			buildActionMask = 2147483647;
			files = (
				9C343C642A39EDC70009576E /* ViewController.swift in Sources */,
				9C343C602A39EDC70009576E /* AppDelegate.swift in Sources */,
				9C343C622A39EDC70009576E /* SceneDelegate.swift in Sources */,
			);
			runOnlyForDeploymentPostprocessing = 0;
		};
/* End PBXSourcesBuildPhase section */

/* Begin PBXVariantGroup section */
		9C343C652A39EDC70009576E /* Main.storyboard */ = {
			isa = PBXVariantGroup;
			children = (
				9C343C662A39EDC70009576E /* Base */,
			);
			name = Main.storyboard;
			sourceTree = "<group>";
		};
		9C343C6A2A39EDC90009576E /* LaunchScreen.storyboard */ = {
			isa = PBXVariantGroup;
			children = (
				9C343C6B2A39EDC90009576E /* Base */,
			);
			name = LaunchScreen.storyboard;
			sourceTree = "<group>";
		};
/* End PBXVariantGroup section */

/* Begin XCBuildConfiguration section */
		9C343C6E2A39EDC90009576E /* Debug */ = {
			isa = XCBuildConfiguration;
			buildSettings = {
				ALWAYS_SEARCH_USER_PATHS = NO;
				ASSETCATALOG_COMPILER_GENERATE_SWIFT_ASSET_SYMBOL_EXTENSIONS = YES;
				CLANG_ANALYZER_NONNULL = YES;
				CLANG_ANALYZER_NUMBER_OBJECT_CONVERSION = YES_AGGRESSIVE;
				CLANG_CXX_LANGUAGE_STANDARD = "gnu++20";
				CLANG_ENABLE_MODULES = YES;
				CLANG_ENABLE_OBJC_ARC = YES;
				CLANG_ENABLE_OBJC_WEAK = YES;
				CLANG_WARN_BLOCK_CAPTURE_AUTORELEASING = YES;
				CLANG_WARN_BOOL_CONVERSION = YES;
				CLANG_WARN_COMMA = YES;
				CLANG_WARN_CONSTANT_CONVERSION = YES;
				CLANG_WARN_DEPRECATED_OBJC_IMPLEMENTATIONS = YES;
				CLANG_WARN_DIRECT_OBJC_ISA_USAGE = YES_ERROR;
				CLANG_WARN_DOCUMENTATION_COMMENTS = YES;
				CLANG_WARN_EMPTY_BODY = YES;
				CLANG_WARN_ENUM_CONVERSION = YES;
				CLANG_WARN_INFINITE_RECURSION = YES;
				CLANG_WARN_INT_CONVERSION = YES;
				CLANG_WARN_NON_LITERAL_NULL_CONVERSION = YES;
				CLANG_WARN_OBJC_IMPLICIT_RETAIN_SELF = YES;
				CLANG_WARN_OBJC_LITERAL_CONVERSION = YES;
				CLANG_WARN_OBJC_ROOT_CLASS = YES_ERROR;
				CLANG_WARN_QUOTED_INCLUDE_IN_FRAMEWORK_HEADER = YES;
				CLANG_WARN_RANGE_LOOP_ANALYSIS = YES;
				CLANG_WARN_STRICT_PROTOTYPES = YES;
				CLANG_WARN_SUSPICIOUS_MOVE = YES;
				CLANG_WARN_UNGUARDED_AVAILABILITY = YES_AGGRESSIVE;
				CLANG_WARN_UNREACHABLE_CODE = YES;
				CLANG_WARN__DUPLICATE_METHOD_MATCH = YES;
				COPY_PHASE_STRIP = NO;
				DEBUG_INFORMATION_FORMAT = dwarf;
				ENABLE_STRICT_OBJC_MSGSEND = YES;
				ENABLE_TESTABILITY = YES;
				ENABLE_USER_SCRIPT_SANDBOXING = YES;
				GCC_C_LANGUAGE_STANDARD = gnu17;
				GCC_DYNAMIC_NO_PIC = NO;
				GCC_NO_COMMON_BLOCKS = YES;
				GCC_OPTIMIZATION_LEVEL = 0;
				GCC_PREPROCESSOR_DEFINITIONS = (
					"DEBUG=1",
					"$(inherited)",
				);
				GCC_WARN_64_TO_32_BIT_CONVERSION = YES;
				GCC_WARN_ABOUT_RETURN_TYPE = YES_ERROR;
				GCC_WARN_UNDECLARED_SELECTOR = YES;
				GCC_WARN_UNINITIALIZED_AUTOS = YES_AGGRESSIVE;
				GCC_WARN_UNUSED_FUNCTION = YES;
				GCC_WARN_UNUSED_VARIABLE = YES;
				IPHONEOS_DEPLOYMENT_TARGET = 13.0;
				LOCALIZATION_PREFERS_STRING_CATALOGS = YES;
				MTL_ENABLE_DEBUG_INFO = INCLUDE_SOURCE;
				MTL_FAST_MATH = YES;
				ONLY_ACTIVE_ARCH = YES;
				SDKROOT = iphoneos;
				SWIFT_ACTIVE_COMPILATION_CONDITIONS = "DEBUG $(inherited)";
				SWIFT_OPTIMIZATION_LEVEL = "-Onone";
			};
			name = Debug;
		};
		9C343C6F2A39EDC90009576E /* Release */ = {
			isa = XCBuildConfiguration;
			buildSettings = {
				ALWAYS_SEARCH_USER_PATHS = NO;
				ASSETCATALOG_COMPILER_GENERATE_SWIFT_ASSET_SYMBOL_EXTENSIONS = YES;
				CLANG_ANALYZER_NONNULL = YES;
				CLANG_ANALYZER_NUMBER_OBJECT_CONVERSION = YES_AGGRESSIVE;
				CLANG_CXX_LANGUAGE_STANDARD = "gnu++20";
				CLANG_ENABLE_MODULES = YES;
				CLANG_ENABLE_OBJC_ARC = YES;
				CLANG_ENABLE_OBJC_WEAK = YES;
				CLANG_WARN_BLOCK_CAPTURE_AUTORELEASING = YES;
				CLANG_WARN_BOOL_CONVERSION = YES;
				CLANG_WARN_COMMA = YES;
				CLANG_WARN_CONSTANT_CONVERSION = YES;
				CLANG_WARN_DEPRECATED_OBJC_IMPLEMENTATIONS = YES;
				CLANG_WARN_DIRECT_OBJC_ISA_USAGE = YES_ERROR;
				CLANG_WARN_DOCUMENTATION_COMMENTS = YES;
				CLANG_WARN_EMPTY_BODY = YES;
				CLANG_WARN_ENUM_CONVERSION = YES;
				CLANG_WARN_INFINITE_RECURSION = YES;
				CLANG_WARN_INT_CONVERSION = YES;
				CLANG_WARN_NON_LITERAL_NULL_CONVERSION = YES;
				CLANG_WARN_OBJC_IMPLICIT_RETAIN_SELF = YES;
				CLANG_WARN_OBJC_LITERAL_CONVERSION = YES;
				CLANG_WARN_OBJC_ROOT_CLASS = YES_ERROR;
				CLANG_WARN_QUOTED_INCLUDE_IN_FRAMEWORK_HEADER = YES;
				CLANG_WARN_RANGE_LOOP_ANALYSIS = YES;
				CLANG_WARN_STRICT_PROTOTYPES = YES;
				CLANG_WARN_SUSPICIOUS_MOVE = YES;
				CLANG_WARN_UNGUARDED_AVAILABILITY = YES_AGGRESSIVE;
				CLANG_WARN_UNREACHABLE_CODE = YES;
				CLANG_WARN__DUPLICATE_METHOD_MATCH = YES;
				COPY_PHASE_STRIP = NO;
				DEBUG_INFORMATION_FORMAT = "dwarf-with-dsym";
				ENABLE_NS_ASSERTIONS = NO;
				ENABLE_STRICT_OBJC_MSGSEND = YES;
				ENABLE_USER_SCRIPT_SANDBOXING = YES;
				GCC_C_LANGUAGE_STANDARD = gnu17;
				GCC_NO_COMMON_BLOCKS = YES;
				GCC_WARN_64_TO_32_BIT_CONVERSION = YES;
				GCC_WARN_ABOUT_RETURN_TYPE = YES_ERROR;
				GCC_WARN_UNDECLARED_SELECTOR = YES;
				GCC_WARN_UNINITIALIZED_AUTOS = YES_AGGRESSIVE;
				GCC_WARN_UNUSED_FUNCTION = YES;
				GCC_WARN_UNUSED_VARIABLE = YES;
				IPHONEOS_DEPLOYMENT_TARGET = 13.0;
				LOCALIZATION_PREFERS_STRING_CATALOGS = YES;
				MTL_ENABLE_DEBUG_INFO = NO;
				MTL_FAST_MATH = YES;
				SDKROOT = iphoneos;
				SWIFT_COMPILATION_MODE = wholemodule;
				VALIDATE_PRODUCT = YES;
			};
			name = Release;
		};
		9C343C712A39EDC90009576E /* Debug */ = {
			isa = XCBuildConfiguration;
			baseConfigurationReference = 64A5596AA7EEF5E0524EA5F5 /* Pods-bilalzafar.debug.xcconfig */;
			buildSettings = {
				ASSETCATALOG_COMPILER_APPICON_NAME = AppIcon;
				ASSETCATALOG_COMPILER_GLOBAL_ACCENT_COLOR_NAME = AccentColor;
				CODE_SIGN_STYLE = Automatic;
				CURRENT_PROJECT_VERSION = 1;
				DEVELOPMENT_TEAM = 3H9V342774;
				GENERATE_INFOPLIST_FILE = YES;
				INFOPLIST_FILE = bilalzafar/Info.plist;
				INFOPLIST_KEY_UIApplicationSupportsIndirectInputEvents = YES;
				INFOPLIST_KEY_UILaunchStoryboardName = LaunchScreen;
				INFOPLIST_KEY_UIMainStoryboardFile = Main;
				INFOPLIST_KEY_UISupportedInterfaceOrientations_iPad = "UIInterfaceOrientationPortrait UIInterfaceOrientationPortraitUpsideDown UIInterfaceOrientationLandscapeLeft UIInterfaceOrientationLandscapeRight";
				INFOPLIST_KEY_UISupportedInterfaceOrientations_iPhone = "UIInterfaceOrientationPortrait UIInterfaceOrientationLandscapeLeft UIInterfaceOrientationLandscapeRight";
				IPHONEOS_DEPLOYMENT_TARGET = 13.0;
				LD_RUNPATH_SEARCH_PATHS = (
					"$(inherited)",
					"@executable_path/Frameworks",
				);
				MARKETING_VERSION = 1.0;
				PRODUCT_BUNDLE_IDENTIFIER = com.app.test.bilalzafar;
				PRODUCT_NAME = "$(TARGET_NAME)";
				SWIFT_EMIT_LOC_STRINGS = YES;
				SWIFT_VERSION = 5.0;
				TARGETED_DEVICE_FAMILY = "1,2";
			};
			name = Debug;
		};
		9C343C722A39EDC90009576E /* Release */ = {
			isa = XCBuildConfiguration;
			baseConfigurationReference = EE1098B1CFBF292A8DC40D26 /* Pods-bilalzafar.release.xcconfig */;
			buildSettings = {
				ASSETCATALOG_COMPILER_APPICON_NAME = AppIcon;
				ASSETCATALOG_COMPILER_GLOBAL_ACCENT_COLOR_NAME = AccentColor;
				CODE_SIGN_STYLE = Automatic;
				CURRENT_PROJECT_VERSION = 1;
				DEVELOPMENT_TEAM = 3H9V342774;
				GENERATE_INFOPLIST_FILE = YES;
				INFOPLIST_FILE = bilalzafar/Info.plist;
				INFOPLIST_KEY_UIApplicationSupportsIndirectInputEvents = YES;
				INFOPLIST_KEY_UILaunchStoryboardName = LaunchScreen;
				INFOPLIST_KEY_UIMainStoryboardFile = Main;
				INFOPLIST_KEY_UISupportedInterfaceOrientations_iPad = "UIInterfaceOrientationPortrait UIInterfaceOrientationPortraitUpsideDown UIInterfaceOrientationLandscapeLeft UIInterfaceOrientationLandscapeRight";
				INFOPLIST_KEY_UISupportedInterfaceOrientations_iPhone = "UIInterfaceOrientationPortrait UIInterfaceOrientationLandscapeLeft UIInterfaceOrientationLandscapeRight";
				IPHONEOS_DEPLOYMENT_TARGET = 13.0;
				LD_RUNPATH_SEARCH_PATHS = (
					"$(inherited)",
					"@executable_path/Frameworks",
				);
				MARKETING_VERSION = 1.0;
				PRODUCT_BUNDLE_IDENTIFIER = com.app.test.bilalzafar;
				PRODUCT_NAME = "$(TARGET_NAME)";
				SWIFT_EMIT_LOC_STRINGS = YES;
				SWIFT_VERSION = 5.0;
				TARGETED_DEVICE_FAMILY = "1,2";
			};
			name = Release;
		};
/* End XCBuildConfiguration section */

/* Begin XCConfigurationList section */
		9C343C572A39EDC70009576E /* Build configuration list for PBXProject "bilalzafar" */ = {
			isa = XCConfigurationList;
			buildConfigurations = (
				9C343C6E2A39EDC90009576E /* Debug */,
				9C343C6F2A39EDC90009576E /* Release */,
			);
			defaultConfigurationIsVisible = 0;
			defaultConfigurationName = Release;
		};
		9C343C702A39EDC90009576E /* Build configuration list for PBXNativeTarget "bilalzafar" */ = {
			isa = XCConfigurationList;
			buildConfigurations = (
				9C343C712A39EDC90009576E /* Debug */,
				9C343C722A39EDC90009576E /* Release */,
			);
			defaultConfigurationIsVisible = 0;
			defaultConfigurationName = Release;
		};
/* End XCConfigurationList section */
	};
	rootObject = 9C343C542A39EDC70009576E /* Project object */;
}
